<Solution>
  <Configurations>
    <Platform Name="Any CPU" />
    <Platform Name="ARM" />
    <Platform Name="ARM64" />
    <Platform Name="x64" />
    <Platform Name="x86" />
  </Configurations>
  <Project Path="BLETest.Desktop.Package/BLETest.Desktop.Package.wapproj" Type="c7167f0d-bc9f-4e6e-afe1-012c56b48db5" Id="45350a78-c642-4bba-8ccb-a8c4a65b1015">
    <Platform Solution="Debug|Any CPU" Project="x64" />
    <Deploy />
  </Project>
  <Project Path="BLETest.Desktop/BLETest.Desktop.csproj" Id="37a51f18-8208-4c01-ba35-612da7a0fbbe">
    <Platform Solution="Debug|x64" Project="x64" />
  </Project>
  <Project Path="BLETest.GattClientNative/BLETest.GattClientNative.csproj">
    <Deploy Solution="Debug|x64" />
  </Project>
  <Project Path="BLETest.Settings/BLETest.Common.csproj" />
  <Project Path="BLETest/BLETest.csproj" Id="11fb533e-bb06-4167-bac4-70f937c4658d" />
  <Project Path="GattClient/GattClient.csproj">
    <Deploy Solution="Debug|Any CPU" />
  </Project>
  <Project Path="GattServerNative/GattServerNative.csproj">
    <Deploy Solution="Debug|Any CPU" />
    <Deploy Solution="Debug|x64" />
  </Project>
</Solution>
