
Microsoft Visual Studio Solution File, Format Version 12.00
# Visual Studio Version 17
VisualStudioVersion = 17.12.35527.113
MinimumVisualStudioVersion = 10.0.40219.1
Project("{FAE04EC0-301F-11D3-BF4B-00C04F79EFBC}") = "BLETest", "BLETest\BLETest.csproj", "{11FB533E-BB06-4167-BAC4-70F937C4658D}"
EndProject
Project("{FAE04EC0-301F-11D3-BF4B-00C04F79EFBC}") = "GattClient", "GattClient\GattClient.csproj", "{B8F8970B-AB73-460E-A5C1-5C67F7BFDC5F}"
EndProject
Project("{FAE04EC0-301F-11D3-BF4B-00C04F79EFBC}") = "BLETest.Settings", "BLETest.Settings\BLETest.Settings.csproj", "{95080D09-C096-4114-8900-D4409B73EA1F}"
EndProject
Project("{FAE04EC0-301F-11D3-BF4B-00C04F79EFBC}") = "GattServerNative", "GattClientNative\GattServerNative.csproj", "{9BBB8A4E-7747-4DBA-AA3D-F9B9B2ECE806}"
EndProject
Project("{FAE04EC0-301F-11D3-BF4B-00C04F79EFBC}") = "BLEMessage", "BLEMessage\BLEMessage.csproj", "{3AE1C8BD-ACB4-440C-976A-52F3DEBB55F0}"
EndProject
Global
	GlobalSection(SolutionConfigurationPlatforms) = preSolution
		Debug|Any CPU = Debug|Any CPU
		Release|Any CPU = Release|Any CPU
	EndGlobalSection
	GlobalSection(ProjectConfigurationPlatforms) = postSolution
		{11FB533E-BB06-4167-BAC4-70F937C4658D}.Debug|Any CPU.ActiveCfg = Debug|Any CPU
		{11FB533E-BB06-4167-BAC4-70F937C4658D}.Debug|Any CPU.Build.0 = Debug|Any CPU
		{11FB533E-BB06-4167-BAC4-70F937C4658D}.Release|Any CPU.ActiveCfg = Release|Any CPU
		{11FB533E-BB06-4167-BAC4-70F937C4658D}.Release|Any CPU.Build.0 = Release|Any CPU
		{B8F8970B-AB73-460E-A5C1-5C67F7BFDC5F}.Debug|Any CPU.ActiveCfg = Debug|Any CPU
		{B8F8970B-AB73-460E-A5C1-5C67F7BFDC5F}.Debug|Any CPU.Build.0 = Debug|Any CPU
		{B8F8970B-AB73-460E-A5C1-5C67F7BFDC5F}.Debug|Any CPU.Deploy.0 = Debug|Any CPU
		{B8F8970B-AB73-460E-A5C1-5C67F7BFDC5F}.Release|Any CPU.ActiveCfg = Release|Any CPU
		{B8F8970B-AB73-460E-A5C1-5C67F7BFDC5F}.Release|Any CPU.Build.0 = Release|Any CPU
		{95080D09-C096-4114-8900-D4409B73EA1F}.Debug|Any CPU.ActiveCfg = Debug|Any CPU
		{95080D09-C096-4114-8900-D4409B73EA1F}.Debug|Any CPU.Build.0 = Debug|Any CPU
		{95080D09-C096-4114-8900-D4409B73EA1F}.Release|Any CPU.ActiveCfg = Release|Any CPU
		{95080D09-C096-4114-8900-D4409B73EA1F}.Release|Any CPU.Build.0 = Release|Any CPU
		{9BBB8A4E-7747-4DBA-AA3D-F9B9B2ECE806}.Debug|Any CPU.ActiveCfg = Debug|Any CPU
		{9BBB8A4E-7747-4DBA-AA3D-F9B9B2ECE806}.Debug|Any CPU.Build.0 = Debug|Any CPU
		{9BBB8A4E-7747-4DBA-AA3D-F9B9B2ECE806}.Release|Any CPU.ActiveCfg = Release|Any CPU
		{9BBB8A4E-7747-4DBA-AA3D-F9B9B2ECE806}.Release|Any CPU.Build.0 = Release|Any CPU
		{3AE1C8BD-ACB4-440C-976A-52F3DEBB55F0}.Debug|Any CPU.ActiveCfg = Debug|Any CPU
		{3AE1C8BD-ACB4-440C-976A-52F3DEBB55F0}.Debug|Any CPU.Build.0 = Debug|Any CPU
		{3AE1C8BD-ACB4-440C-976A-52F3DEBB55F0}.Release|Any CPU.ActiveCfg = Release|Any CPU
		{3AE1C8BD-ACB4-440C-976A-52F3DEBB55F0}.Release|Any CPU.Build.0 = Release|Any CPU
	EndGlobalSection
	GlobalSection(SolutionProperties) = preSolution
		HideSolutionNode = FALSE
	EndGlobalSection
	GlobalSection(ExtensibilityGlobals) = postSolution
		SolutionGuid = {39D85D0A-7082-4D48-9BA9-BEE877B86FC4}
	EndGlobalSection
EndGlobal
